// !$*UTF8*$!
{
	archiveVersion = 1;
	classes = {
	};
	objectVersion = 51;
	objects = {

/* Begin PBXBuildFile section */
		D50C7D70253E3530001117B5 /* InsetTextField.swift in Sources */ = {isa = PBXBuildFile; fileRef = D50C7D6F253E3530001117B5 /* InsetTextField.swift */; };
		D50C7D75253E39D4001117B5 /* SignUpViewController.swift in Sources */ = {isa = PBXBuildFile; fileRef = D50C7D74253E39D4001117B5 /* SignUpViewController.swift */; };
		D59ED40325327A8700D42C0B /* AppDelegate.swift in Sources */ = {isa = PBXBuildFile; fileRef = D59ED40225327A8700D42C0B /* AppDelegate.swift */; };
		D59ED40525327A8700D42C0B /* SceneDelegate.swift in Sources */ = {isa = PBXBuildFile; fileRef = D59ED40425327A8700D42C0B /* SceneDelegate.swift */; };
		D59ED40C25327A8800D42C0B /* Assets.xcassets in Resources */ = {isa = PBXBuildFile; fileRef = D59ED40B25327A8800D42C0B /* Assets.xcassets */; };
		D59ED40F25327A8800D42C0B /* LaunchScreen.storyboard in Resources */ = {isa = PBXBuildFile; fileRef = D59ED40D25327A8800D42C0B /* LaunchScreen.storyboard */; };
		D59ED41B25327B4E00D42C0B /* BaseViewController.swift in Sources */ = {isa = PBXBuildFile; fileRef = D59ED41A25327B4E00D42C0B /* BaseViewController.swift */; };
		D59ED42225327C0700D42C0B /* SignInViewController.swift in Sources */ = {isa = PBXBuildFile; fileRef = D59ED42125327C0700D42C0B /* SignInViewController.swift */; };
		D59ED42C25327E8100D42C0B /* Extensions.swift in Sources */ = {isa = PBXBuildFile; fileRef = D59ED42B25327E8100D42C0B /* Extensions.swift */; };
		D59ED430253281E000D42C0B /* Shared.swift in Sources */ = {isa = PBXBuildFile; fileRef = D59ED42F253281E000D42C0B /* Shared.swift */; };
		E67EA044B110512026482C20 /* Pods_Shift_to_Focus.framework in Frameworks */ = {isa = PBXBuildFile; fileRef = EA03915E70FC98FEC586CB0A /* Pods_Shift_to_Focus.framework */; };
/* End PBXBuildFile section */

/* Begin PBXFileReference section */
		7BC200211D12FFB1FECC93ED /* Pods-Shift to Focus.release.xcconfig */ = {isa = PBXFileReference; includeInIndex = 1; lastKnownFileType = text.xcconfig; name = "Pods-Shift to Focus.release.xcconfig"; path = "Target Support Files/Pods-Shift to Focus/Pods-Shift to Focus.release.xcconfig"; sourceTree = "<group>"; };
		99EF32AAD155B58E7A4C5281 /* Pods-Shift to Focus.debug.xcconfig */ = {isa = PBXFileReference; includeInIndex = 1; lastKnownFileType = text.xcconfig; name = "Pods-Shift to Focus.debug.xcconfig"; path = "Target Support Files/Pods-Shift to Focus/Pods-Shift to Focus.debug.xcconfig"; sourceTree = "<group>"; };
		D50C7D6F253E3530001117B5 /* InsetTextField.swift */ = {isa = PBXFileReference; lastKnownFileType = sourcecode.swift; path = InsetTextField.swift; sourceTree = "<group>"; };
		D50C7D74253E39D4001117B5 /* SignUpViewController.swift */ = {isa = PBXFileReference; lastKnownFileType = sourcecode.swift; path = SignUpViewController.swift; sourceTree = "<group>"; };
		D59ED3FF25327A8700D42C0B /* Shift to Focus.app */ = {isa = PBXFileReference; explicitFileType = wrapper.application; includeInIndex = 0; path = "Shift to Focus.app"; sourceTree = BUILT_PRODUCTS_DIR; };
		D59ED40225327A8700D42C0B /* AppDelegate.swift */ = {isa = PBXFileReference; lastKnownFileType = sourcecode.swift; path = AppDelegate.swift; sourceTree = "<group>"; };
		D59ED40425327A8700D42C0B /* SceneDelegate.swift */ = {isa = PBXFileReference; lastKnownFileType = sourcecode.swift; path = SceneDelegate.swift; sourceTree = "<group>"; };
		D59ED40B25327A8800D42C0B /* Assets.xcassets */ = {isa = PBXFileReference; lastKnownFileType = folder.assetcatalog; path = Assets.xcassets; sourceTree = "<group>"; };
		D59ED40E25327A8800D42C0B /* Base */ = {isa = PBXFileReference; lastKnownFileType = file.storyboard; name = Base; path = Base.lproj/LaunchScreen.storyboard; sourceTree = "<group>"; };
		D59ED41025327A8800D42C0B /* Info.plist */ = {isa = PBXFileReference; lastKnownFileType = text.plist.xml; path = Info.plist; sourceTree = "<group>"; };
		D59ED41A25327B4E00D42C0B /* BaseViewController.swift */ = {isa = PBXFileReference; lastKnownFileType = sourcecode.swift; path = BaseViewController.swift; sourceTree = "<group>"; };
		D59ED42125327C0700D42C0B /* SignInViewController.swift */ = {isa = PBXFileReference; lastKnownFileType = sourcecode.swift; path = SignInViewController.swift; sourceTree = "<group>"; };
		D59ED42B25327E8100D42C0B /* Extensions.swift */ = {isa = PBXFileReference; lastKnownFileType = sourcecode.swift; path = Extensions.swift; sourceTree = "<group>"; };
		D59ED42F253281E000D42C0B /* Shared.swift */ = {isa = PBXFileReference; lastKnownFileType = sourcecode.swift; path = Shared.swift; sourceTree = "<group>"; };
		EA03915E70FC98FEC586CB0A /* Pods_Shift_to_Focus.framework */ = {isa = PBXFileReference; explicitFileType = wrapper.framework; includeInIndex = 0; path = Pods_Shift_to_Focus.framework; sourceTree = BUILT_PRODUCTS_DIR; };
/* End PBXFileReference section */

/* Begin PBXFrameworksBuildPhase section */
		D59ED3FC25327A8700D42C0B /* Frameworks */ = {
			isa = PBXFrameworksBuildPhase;
			buildActionMask = 2147483647;
			files = (
				E67EA044B110512026482C20 /* Pods_Shift_to_Focus.framework in Frameworks */,
			);
			runOnlyForDeploymentPostprocessing = 0;
		};
/* End PBXFrameworksBuildPhase section */

/* Begin PBXGroup section */
		31F6F85551C3966423B3D4A5 /* Pods */ = {
			isa = PBXGroup;
			children = (
				99EF32AAD155B58E7A4C5281 /* Pods-Shift to Focus.debug.xcconfig */,
				7BC200211D12FFB1FECC93ED /* Pods-Shift to Focus.release.xcconfig */,
			);
			path = Pods;
			sourceTree = "<group>";
		};
		4C8642FF83B892852A6CF45F /* Frameworks */ = {
			isa = PBXGroup;
			children = (
				EA03915E70FC98FEC586CB0A /* Pods_Shift_to_Focus.framework */,
			);
			name = Frameworks;
			sourceTree = "<group>";
		};
		D50C7D73253E39B9001117B5 /* Sign Up */ = {
			isa = PBXGroup;
			children = (
				D50C7D74253E39D4001117B5 /* SignUpViewController.swift */,
			);
			path = "Sign Up";
			sourceTree = "<group>";
		};
		D59ED3F625327A8700D42C0B = {
			isa = PBXGroup;
			children = (
				D59ED40125327A8700D42C0B /* Shift to Focus */,
				D59ED40025327A8700D42C0B /* Products */,
				31F6F85551C3966423B3D4A5 /* Pods */,
				4C8642FF83B892852A6CF45F /* Frameworks */,
			);
			sourceTree = "<group>";
		};
		D59ED40025327A8700D42C0B /* Products */ = {
			isa = PBXGroup;
			children = (
				D59ED3FF25327A8700D42C0B /* Shift to Focus.app */,
			);
			name = Products;
			sourceTree = "<group>";
		};
		D59ED40125327A8700D42C0B /* Shift to Focus */ = {
			isa = PBXGroup;
			children = (
				D59ED41925327B2E00D42C0B /* Base */,
				D59ED41F25327BCF00D42C0B /* Screens */,
				D59ED42A25327E7000D42C0B /* Utility */,
				D59ED40225327A8700D42C0B /* AppDelegate.swift */,
				D59ED40425327A8700D42C0B /* SceneDelegate.swift */,
				D59ED40B25327A8800D42C0B /* Assets.xcassets */,
				D59ED40D25327A8800D42C0B /* LaunchScreen.storyboard */,
				D59ED41025327A8800D42C0B /* Info.plist */,
			);
			path = "Shift to Focus";
			sourceTree = "<group>";
		};
		D59ED41925327B2E00D42C0B /* Base */ = {
			isa = PBXGroup;
			children = (
				D59ED41A25327B4E00D42C0B /* BaseViewController.swift */,
			);
			path = Base;
			sourceTree = "<group>";
		};
		D59ED41F25327BCF00D42C0B /* Screens */ = {
			isa = PBXGroup;
			children = (
				D50C7D73253E39B9001117B5 /* Sign Up */,
				D59ED42025327BDB00D42C0B /* Sign In */,
			);
			path = Screens;
			sourceTree = "<group>";
		};
		D59ED42025327BDB00D42C0B /* Sign In */ = {
			isa = PBXGroup;
			children = (
				D59ED42125327C0700D42C0B /* SignInViewController.swift */,
			);
			path = "Sign In";
			sourceTree = "<group>";
		};
		D59ED42A25327E7000D42C0B /* Utility */ = {
			isa = PBXGroup;
			children = (
				D59ED42B25327E8100D42C0B /* Extensions.swift */,
				D59ED42F253281E000D42C0B /* Shared.swift */,
				D50C7D6F253E3530001117B5 /* InsetTextField.swift */,
			);
			path = Utility;
			sourceTree = "<group>";
		};
/* End PBXGroup section */

/* Begin PBXNativeTarget section */
		D59ED3FE25327A8700D42C0B /* Shift to Focus */ = {
			isa = PBXNativeTarget;
			buildConfigurationList = D59ED41325327A8800D42C0B /* Build configuration list for PBXNativeTarget "Shift to Focus" */;
			buildPhases = (
				BEC668FB0B49D4D6B6E9C2A2 /* [CP] Check Pods Manifest.lock */,
				D59ED3FB25327A8700D42C0B /* Sources */,
				D59ED3FC25327A8700D42C0B /* Frameworks */,
				D59ED3FD25327A8700D42C0B /* Resources */,
				918466192B914A25249601A6 /* [CP] Embed Pods Frameworks */,
			);
			buildRules = (
			);
			dependencies = (
			);
			name = "Shift to Focus";
			productName = "Shift to Focus";
			productReference = D59ED3FF25327A8700D42C0B /* Shift to Focus.app */;
			productType = "com.apple.product-type.application";
		};
/* End PBXNativeTarget section */

/* Begin PBXProject section */
		D59ED3F725327A8700D42C0B /* Project object */ = {
			isa = PBXProject;
			attributes = {
				LastSwiftUpdateCheck = 1200;
				LastUpgradeCheck = 1200;
				TargetAttributes = {
					D59ED3FE25327A8700D42C0B = {
						CreatedOnToolsVersion = 12.0.1;
					};
				};
			};
			buildConfigurationList = D59ED3FA25327A8700D42C0B /* Build configuration list for PBXProject "Shift to Focus" */;
			compatibilityVersion = "Xcode 9.3";
			developmentRegion = en;
			hasScannedForEncodings = 0;
			knownRegions = (
				en,
				Base,
			);
			mainGroup = D59ED3F625327A8700D42C0B;
			productRefGroup = D59ED40025327A8700D42C0B /* Products */;
			projectDirPath = "";
			projectRoot = "";
			targets = (
				D59ED3FE25327A8700D42C0B /* Shift to Focus */,
			);
		};
/* End PBXProject section */

/* Begin PBXResourcesBuildPhase section */
		D59ED3FD25327A8700D42C0B /* Resources */ = {
			isa = PBXResourcesBuildPhase;
			buildActionMask = 2147483647;
			files = (
				D59ED40F25327A8800D42C0B /* LaunchScreen.storyboard in Resources */,
				D59ED40C25327A8800D42C0B /* Assets.xcassets in Resources */,
			);
			runOnlyForDeploymentPostprocessing = 0;
		};
/* End PBXResourcesBuildPhase section */

/* Begin PBXShellScriptBuildPhase section */
		918466192B914A25249601A6 /* [CP] Embed Pods Frameworks */ = {
			isa = PBXShellScriptBuildPhase;
			buildActionMask = 2147483647;
			files = (
			);
			inputFileListPaths = (
				"${PODS_ROOT}/Target Support Files/Pods-Shift to Focus/Pods-Shift to Focus-frameworks-${CONFIGURATION}-input-files.xcfilelist",
			);
			name = "[CP] Embed Pods Frameworks";
			outputFileListPaths = (
				"${PODS_ROOT}/Target Support Files/Pods-Shift to Focus/Pods-Shift to Focus-frameworks-${CONFIGURATION}-output-files.xcfilelist",
			);
			runOnlyForDeploymentPostprocessing = 0;
			shellPath = /bin/sh;
			shellScript = "\"${PODS_ROOT}/Target Support Files/Pods-Shift to Focus/Pods-Shift to Focus-frameworks.sh\"\n";
			showEnvVarsInLog = 0;
		};
		BEC668FB0B49D4D6B6E9C2A2 /* [CP] Check Pods Manifest.lock */ = {
			isa = PBXShellScriptBuildPhase;
			buildActionMask = 2147483647;
			files = (
			);
			inputFileListPaths = (
			);
			inputPaths = (
				"${PODS_PODFILE_DIR_PATH}/Podfile.lock",
				"${PODS_ROOT}/Manifest.lock",
			);
			name = "[CP] Check Pods Manifest.lock";
			outputFileListPaths = (
			);
			outputPaths = (
				"$(DERIVED_FILE_DIR)/Pods-Shift to Focus-checkManifestLockResult.txt",
			);
			runOnlyForDeploymentPostprocessing = 0;
			shellPath = /bin/sh;
			shellScript = "diff \"${PODS_PODFILE_DIR_PATH}/Podfile.lock\" \"${PODS_ROOT}/Manifest.lock\" > /dev/null\nif [ $? != 0 ] ; then\n    # print error to STDERR\n    echo \"error: The sandbox is not in sync with the Podfile.lock. Run 'pod install' or update your CocoaPods installation.\" >&2\n    exit 1\nfi\n# This output is used by Xcode 'outputs' to avoid re-running this script phase.\necho \"SUCCESS\" > \"${SCRIPT_OUTPUT_FILE_0}\"\n";
			showEnvVarsInLog = 0;
		};
/* End PBXShellScriptBuildPhase section */

/* Begin PBXSourcesBuildPhase section */
		D59ED3FB25327A8700D42C0B /* Sources */ = {
			isa = PBXSourcesBuildPhase;
			buildActionMask = 2147483647;
			files = (
				D59ED430253281E000D42C0B /* Shared.swift in Sources */,
				D59ED42C25327E8100D42C0B /* Extensions.swift in Sources */,
				D50C7D75253E39D4001117B5 /* SignUpViewController.swift in Sources */,
				D59ED42225327C0700D42C0B /* SignInViewController.swift in Sources */,
				D59ED41B25327B4E00D42C0B /* BaseViewController.swift in Sources */,
				D59ED40325327A8700D42C0B /* AppDelegate.swift in Sources */,
				D50C7D70253E3530001117B5 /* InsetTextField.swift in Sources */,
				D59ED40525327A8700D42C0B /* SceneDelegate.swift in Sources */,
			);
			runOnlyForDeploymentPostprocessing = 0;
		};
/* End PBXSourcesBuildPhase section */

/* Begin PBXVariantGroup section */
		D59ED40D25327A8800D42C0B /* LaunchScreen.storyboard */ = {
			isa = PBXVariantGroup;
			children = (
				D59ED40E25327A8800D42C0B /* Base */,
			);
			name = LaunchScreen.storyboard;
			sourceTree = "<group>";
		};
/* End PBXVariantGroup section */

/* Begin XCBuildConfiguration section */
		D59ED41125327A8800D42C0B /* Debug */ = {
			isa = XCBuildConfiguration;
			buildSettings = {
				ALWAYS_SEARCH_USER_PATHS = NO;
				CLANG_ANALYZER_NONNULL = YES;
				CLANG_ANALYZER_NUMBER_OBJECT_CONVERSION = YES_AGGRESSIVE;
				CLANG_CXX_LANGUAGE_STANDARD = "gnu++14";
				CLANG_CXX_LIBRARY = "libc++";
				CLANG_ENABLE_MODULES = YES;
				CLANG_ENABLE_OBJC_ARC = YES;
				CLANG_ENABLE_OBJC_WEAK = YES;
				CLANG_WARN_BLOCK_CAPTURE_AUTORELEASING = YES;
				CLANG_WARN_BOOL_CONVERSION = YES;
				CLANG_WARN_COMMA = YES;
				CLANG_WARN_CONSTANT_CONVERSION = YES;
				CLANG_WARN_DEPRECATED_OBJC_IMPLEMENTATIONS = YES;
				CLANG_WARN_DIRECT_OBJC_ISA_USAGE = YES_ERROR;
				CLANG_WARN_DOCUMENTATION_COMMENTS = YES;
				CLANG_WARN_EMPTY_BODY = YES;
				CLANG_WARN_ENUM_CONVERSION = YES;
				CLANG_WARN_INFINITE_RECURSION = YES;
				CLANG_WARN_INT_CONVERSION = YES;
				CLANG_WARN_NON_LITERAL_NULL_CONVERSION = YES;
				CLANG_WARN_OBJC_IMPLICIT_RETAIN_SELF = YES;
				CLANG_WARN_OBJC_LITERAL_CONVERSION = YES;
				CLANG_WARN_OBJC_ROOT_CLASS = YES_ERROR;
				CLANG_WARN_QUOTED_INCLUDE_IN_FRAMEWORK_HEADER = YES;
				CLANG_WARN_RANGE_LOOP_ANALYSIS = YES;
				CLANG_WARN_STRICT_PROTOTYPES = YES;
				CLANG_WARN_SUSPICIOUS_MOVE = YES;
				CLANG_WARN_UNGUARDED_AVAILABILITY = YES_AGGRESSIVE;
				CLANG_WARN_UNREACHABLE_CODE = YES;
				CLANG_WARN__DUPLICATE_METHOD_MATCH = YES;
				COPY_PHASE_STRIP = NO;
				DEBUG_INFORMATION_FORMAT = dwarf;
				ENABLE_STRICT_OBJC_MSGSEND = YES;
				ENABLE_TESTABILITY = YES;
				GCC_C_LANGUAGE_STANDARD = gnu11;
				GCC_DYNAMIC_NO_PIC = NO;
				GCC_NO_COMMON_BLOCKS = YES;
				GCC_OPTIMIZATION_LEVEL = 0;
				GCC_PREPROCESSOR_DEFINITIONS = (
					"DEBUG=1",
					"$(inherited)",
				);
				GCC_WARN_64_TO_32_BIT_CONVERSION = YES;
				GCC_WARN_ABOUT_RETURN_TYPE = YES_ERROR;
				GCC_WARN_UNDECLARED_SELECTOR = YES;
				GCC_WARN_UNINITIALIZED_AUTOS = YES_AGGRESSIVE;
				GCC_WARN_UNUSED_FUNCTION = YES;
				GCC_WARN_UNUSED_VARIABLE = YES;
				IPHONEOS_DEPLOYMENT_TARGET = 14.0;
				MTL_ENABLE_DEBUG_INFO = INCLUDE_SOURCE;
				MTL_FAST_MATH = YES;
				ONLY_ACTIVE_ARCH = YES;
				SDKROOT = iphoneos;
				SWIFT_ACTIVE_COMPILATION_CONDITIONS = DEBUG;
				SWIFT_OPTIMIZATION_LEVEL = "-Onone";
			};
			name = Debug;
		};
		D59ED41225327A8800D42C0B /* Release */ = {
			isa = XCBuildConfiguration;
			buildSettings = {
				ALWAYS_SEARCH_USER_PATHS = NO;
				CLANG_ANALYZER_NONNULL = YES;
				CLANG_ANALYZER_NUMBER_OBJECT_CONVERSION = YES_AGGRESSIVE;
				CLANG_CXX_LANGUAGE_STANDARD = "gnu++14";
				CLANG_CXX_LIBRARY = "libc++";
				CLANG_ENABLE_MODULES = YES;
				CLANG_ENABLE_OBJC_ARC = YES;
				CLANG_ENABLE_OBJC_WEAK = YES;
				CLANG_WARN_BLOCK_CAPTURE_AUTORELEASING = YES;
				CLANG_WARN_BOOL_CONVERSION = YES;
				CLANG_WARN_COMMA = YES;
				CLANG_WARN_CONSTANT_CONVERSION = YES;
				CLANG_WARN_DEPRECATED_OBJC_IMPLEMENTATIONS = YES;
				CLANG_WARN_DIRECT_OBJC_ISA_USAGE = YES_ERROR;
				CLANG_WARN_DOCUMENTATION_COMMENTS = YES;
				CLANG_WARN_EMPTY_BODY = YES;
				CLANG_WARN_ENUM_CONVERSION = YES;
				CLANG_WARN_INFINITE_RECURSION = YES;
				CLANG_WARN_INT_CONVERSION = YES;
				CLANG_WARN_NON_LITERAL_NULL_CONVERSION = YES;
				CLANG_WARN_OBJC_IMPLICIT_RETAIN_SELF = YES;
				CLANG_WARN_OBJC_LITERAL_CONVERSION = YES;
				CLANG_WARN_OBJC_ROOT_CLASS = YES_ERROR;
				CLANG_WARN_QUOTED_INCLUDE_IN_FRAMEWORK_HEADER = YES;
				CLANG_WARN_RANGE_LOOP_ANALYSIS = YES;
				CLANG_WARN_STRICT_PROTOTYPES = YES;
				CLANG_WARN_SUSPICIOUS_MOVE = YES;
				CLANG_WARN_UNGUARDED_AVAILABILITY = YES_AGGRESSIVE;
				CLANG_WARN_UNREACHABLE_CODE = YES;
				CLANG_WARN__DUPLICATE_METHOD_MATCH = YES;
				COPY_PHASE_STRIP = NO;
				DEBUG_INFORMATION_FORMAT = "dwarf-with-dsym";
				ENABLE_NS_ASSERTIONS = NO;
				ENABLE_STRICT_OBJC_MSGSEND = YES;
				GCC_C_LANGUAGE_STANDARD = gnu11;
				GCC_NO_COMMON_BLOCKS = YES;
				GCC_WARN_64_TO_32_BIT_CONVERSION = YES;
				GCC_WARN_ABOUT_RETURN_TYPE = YES_ERROR;
				GCC_WARN_UNDECLARED_SELECTOR = YES;
				GCC_WARN_UNINITIALIZED_AUTOS = YES_AGGRESSIVE;
				GCC_WARN_UNUSED_FUNCTION = YES;
				GCC_WARN_UNUSED_VARIABLE = YES;
				IPHONEOS_DEPLOYMENT_TARGET = 14.0;
				MTL_ENABLE_DEBUG_INFO = NO;
				MTL_FAST_MATH = YES;
				SDKROOT = iphoneos;
				SWIFT_COMPILATION_MODE = wholemodule;
				SWIFT_OPTIMIZATION_LEVEL = "-O";
				VALIDATE_PRODUCT = YES;
			};
			name = Release;
		};
		D59ED41425327A8800D42C0B /* Debug */ = {
			isa = XCBuildConfiguration;
			baseConfigurationReference = 99EF32AAD155B58E7A4C5281 /* Pods-Shift to Focus.debug.xcconfig */;
			buildSettings = {
				ASSETCATALOG_COMPILER_APPICON_NAME = AppIcon;
				ASSETCATALOG_COMPILER_GLOBAL_ACCENT_COLOR_NAME = AccentColor;
				CODE_SIGN_STYLE = Automatic;
				DEVELOPMENT_TEAM = D5GTMK5VKL;
				INFOPLIST_FILE = "Shift to Focus/Info.plist";
				LD_RUNPATH_SEARCH_PATHS = (
					"$(inherited)",
					"@executable_path/Frameworks",
				);
				PRODUCT_BUNDLE_IDENTIFIER = "com.hcp.Shift-to-Focus";
				PRODUCT_NAME = "$(TARGET_NAME)";
				SWIFT_VERSION = 5.0;
				TARGETED_DEVICE_FAMILY = "1,2";
			};
			name = Debug;
		};
		D59ED41525327A8800D42C0B /* Release */ = {
			isa = XCBuildConfiguration;
			baseConfigurationReference = 7BC200211D12FFB1FECC93ED /* Pods-Shift to Focus.release.xcconfig */;
			buildSettings = {
				ASSETCATALOG_COMPILER_APPICON_NAME = AppIcon;
				ASSETCATALOG_COMPILER_GLOBAL_ACCENT_COLOR_NAME = AccentColor;
				CODE_SIGN_STYLE = Automatic;
				DEVELOPMENT_TEAM = D5GTMK5VKL;
				INFOPLIST_FILE = "Shift to Focus/Info.plist";
				LD_RUNPATH_SEARCH_PATHS = (
					"$(inherited)",
					"@executable_path/Frameworks",
				);
				PRODUCT_BUNDLE_IDENTIFIER = "com.hcp.Shift-to-Focus";
				PRODUCT_NAME = "$(TARGET_NAME)";
				SWIFT_VERSION = 5.0;
				TARGETED_DEVICE_FAMILY = "1,2";
			};
			name = Release;
		};
/* End XCBuildConfiguration section */

/* Begin XCConfigurationList section */
		D59ED3FA25327A8700D42C0B /* Build configuration list for PBXProject "Shift to Focus" */ = {
			isa = XCConfigurationList;
			buildConfigurations = (
				D59ED41125327A8800D42C0B /* Debug */,
				D59ED41225327A8800D42C0B /* Release */,
			);
			defaultConfigurationIsVisible = 0;
			defaultConfigurationName = Release;
		};
		D59ED41325327A8800D42C0B /* Build configuration list for PBXNativeTarget "Shift to Focus" */ = {
			isa = XCConfigurationList;
			buildConfigurations = (
				D59ED41425327A8800D42C0B /* Debug */,
				D59ED41525327A8800D42C0B /* Release */,
			);
			defaultConfigurationIsVisible = 0;
			defaultConfigurationName = Release;
		};
/* End XCConfigurationList section */
	};
	rootObject = D59ED3F725327A8700D42C0B /* Project object */;
}
